
Microsoft Visual Studio Solution File, Format Version 12.00
# Visual Studio Version 16
VisualStudioVersion = 16.0.31005.135
MinimumVisualStudioVersion = 10.0.40219.1
Project("{FAE04EC0-301F-11D3-BF4B-00C04F79EFBC}") = "TCPP-Obertynskyi-MainProject", "TCPP-Obertynskyi-MainProject\TCPP-Obertynskyi-MainProject.csproj", "{0BF809D1-8CEB-41F9-9CE2-283122C62B5A}"
EndProject
Global
	GlobalSection(SolutionConfigurationPlatforms) = preSolution
		Debug|Any CPU = Debug|Any CPU
		Release|Any CPU = Release|Any CPU
	EndGlobalSection
	GlobalSection(ProjectConfigurationPlatforms) = postSolution
		{0BF809D1-8CEB-41F9-9CE2-283122C62B5A}.Debug|Any CPU.ActiveCfg = Debug|Any CPU
		{0BF809D1-8CEB-41F9-9CE2-283122C62B5A}.Debug|Any CPU.Build.0 = Debug|Any CPU
		{0BF809D1-8CEB-41F9-9CE2-283122C62B5A}.Release|Any CPU.ActiveCfg = Release|Any CPU
		{0BF809D1-8CEB-41F9-9CE2-283122C62B5A}.Release|Any CPU.Build.0 = Release|Any CPU
	EndGlobalSection
	GlobalSection(SolutionProperties) = preSolution
		HideSolutionNode = FALSE
	EndGlobalSection
	GlobalSection(ExtensibilityGlobals) = postSolution
		SolutionGuid = {386AA4D3-0C83-43E9-B90B-1CCEE65D8BFE}
	EndGlobalSection
EndGlobal
